{
  "name": "Naurish",
  "lockfileVersion": 3,
  "requires": true,
  "packages": {
    "": {
      "dependencies": {
        "date-fns": "^3.1.0"
      }
    },
    "node_modules/date-fns": {
      "version": "3.1.0",
      "resolved": "https://registry.npmjs.org/date-fns/-/date-fns-3.1.0.tgz",
      "integrity": "sha512-ZO7yefXV/wCWzd3I9haCHmfzlfA3i1a2HHO7ZXjtJrRjXt8FULKJ2Vl8wji3XYF4dQ0ZJ/tokXDZeYlFvgms9Q==",
      "funding": {
        "type": "github",
        "url": "https://github.com/sponsors/kossnocorp"
      }
    }
  }
}
